////// See https://aka.ms/new-console-template for more information
////// to calculate BMI
////double weight = 60.5,
////    height = 1.72,
////    bmi;
////// calculate bmi
////bmi = weight / (height * height);
////Console.WriteLine($"BMI : {bmi :0.##}");

////datatypes
//sbyte signedbyte = 126;
//Console.WriteLine($"the min value of sbyte is {sbyte.MinValue}");
//Console.WriteLine($"the max value of sbyte is {sbyte.MaxValue}\n");
//byte unsignedbyte = 255;
//Console.WriteLine($"the min value of sbyte is {byte.MinValue}");
//Console.WriteLine($"the max value of sbyte is {byte.MaxValue}\n");
//short shortvalue = 32000;
//Console.WriteLine($"the min value of sbyte is {short.MinValue}");
//Console.WriteLine($"the max value of sbyte is {short.MaxValue}\n");
//ushort ushortvalue = 65000;
//Console.WriteLine($"the min value of sbyte is {ushort.MinValue}");
//Console.WriteLine($"the max value of sbyte is {ushort.MaxValue}\n");
//// GET TYPE
//String university = "karachi university";
//Console.WriteLine(university[8]);
//Console.WriteLine(university.IndexOf("u").GetType());
//Console.WriteLine(university.GetType());

// create program to convert currency dollar to pkr
//Console.WriteLine("Enter the number");
//var x = Convert.ToInt32(Console.ReadLine());
//Console.WriteLine(x* 278.59 + "pkr");
// declaring variables for operators
int a = 9;
a += 5;
var b = 16;
b -= 7;
Console.WriteLine(a == b);
Console.WriteLine(b);
// logical and operator
if(a == b & b ==a)
{
    Console.WriteLine("condition is true");

}
else
{
    Console.WriteLine("false condition");

}
// logical conditional and operator
if (a == b && b == a)
{
    Console.WriteLine("condition is true");

}
else
{
    Console.WriteLine("false condition");

}

// logical OR operator
if (a == b | b == a)
{
    Console.WriteLine("condition is true");

}
else
{
    Console.WriteLine("false condition");

}
// logical conditional OR operator
if (a == b || b == a)
{
    Console.WriteLine("condition is true");

}
else
{
    Console.WriteLine("false condition");

}

