
Microsoft Visual Studio Solution File, Format Version 12.00
# Visual Studio Version 17
VisualStudioVersion = 17.7.34202.233
MinimumVisualStudioVersion = 10.0.40219.1
Project("{FAE04EC0-301F-11D3-BF4B-00C04F79EFBC}") = "wajihaprojectc#", "wajihaprojectc#\wajihaprojectc#.csproj", "{CD374DAD-5F6B-4103-8F3B-A8BA9184A1DB}"
EndProject
Global
	GlobalSection(SolutionConfigurationPlatforms) = preSolution
		Debug|Any CPU = Debug|Any CPU
		Release|Any CPU = Release|Any CPU
	EndGlobalSection
	GlobalSection(ProjectConfigurationPlatforms) = postSolution
		{CD374DAD-5F6B-4103-8F3B-A8BA9184A1DB}.Debug|Any CPU.ActiveCfg = Debug|Any CPU
		{CD374DAD-5F6B-4103-8F3B-A8BA9184A1DB}.Debug|Any CPU.Build.0 = Debug|Any CPU
		{CD374DAD-5F6B-4103-8F3B-A8BA9184A1DB}.Release|Any CPU.ActiveCfg = Release|Any CPU
		{CD374DAD-5F6B-4103-8F3B-A8BA9184A1DB}.Release|Any CPU.Build.0 = Release|Any CPU
	EndGlobalSection
	GlobalSection(SolutionProperties) = preSolution
		HideSolutionNode = FALSE
	EndGlobalSection
	GlobalSection(ExtensibilityGlobals) = postSolution
		SolutionGuid = {F6A24AA9-218B-426B-BB5E-FF3455FD311C}
	EndGlobalSection
EndGlobal
